// !$*UTF8*$!
{
	archiveVersion = 1;
	classes = {
	};
	objectVersion = 77;
	objects = {

/* Begin PBXContainerItemProxy section */
		E4E148E92D20E02400745701 /* PBXContainerItemProxy */ = {
			isa = PBXContainerItemProxy;
			containerPortal = E4E148D02D20E02100745701 /* Project object */;
			proxyType = 1;
			remoteGlobalIDString = E4E148D72D20E02100745701;
			remoteInfo = Ailuro;
		};
		E4E148F32D20E02400745701 /* PBXContainerItemProxy */ = {
			isa = PBXContainerItemProxy;
			containerPortal = E4E148D02D20E02100745701 /* Project object */;
			proxyType = 1;
			remoteGlobalIDString = E4E148D72D20E02100745701;
			remoteInfo = Ailuro;
		};
/* End PBXContainerItemProxy section */

/* Begin PBXFileReference section */
		E4E148D82D20E02100745701 /* Ailuro.app */ = {isa = PBXFileReference; explicitFileType = wrapper.application; includeInIndex = 0; path = Ailuro.app; sourceTree = BUILT_PRODUCTS_DIR; };
		E4E148E82D20E02400745701 /* AiluroTests.xctest */ = {isa = PBXFileReference; explicitFileType = wrapper.cfbundle; includeInIndex = 0; path = AiluroTests.xctest; sourceTree = BUILT_PRODUCTS_DIR; };
		E4E148F22D20E02400745701 /* AiluroUITests.xctest */ = {isa = PBXFileReference; explicitFileType = wrapper.cfbundle; includeInIndex = 0; path = AiluroUITests.xctest; sourceTree = BUILT_PRODUCTS_DIR; };
/* End PBXFileReference section */

/* Begin PBXFileSystemSynchronizedBuildFileExceptionSet section */
		E4640B1E2D29B5BE00DDCAD3 /* Exceptions for "Ailuro" folder in "AiluroTests" target */ = {
			isa = PBXFileSystemSynchronizedBuildFileExceptionSet;
			membershipExceptions = (
				"Preview Content/Preview Assets.xcassets",
			);
			target = E4E148E72D20E02400745701 /* AiluroTests */;
		};
		E4640B1F2D29B5BE00DDCAD3 /* Exceptions for "Ailuro" folder in "AiluroUITests" target */ = {
			isa = PBXFileSystemSynchronizedBuildFileExceptionSet;
			membershipExceptions = (
				"Preview Content/Preview Assets.xcassets",
			);
			target = E4E148F12D20E02400745701 /* AiluroUITests */;
		};
/* End PBXFileSystemSynchronizedBuildFileExceptionSet section */

/* Begin PBXFileSystemSynchronizedRootGroup section */
		E4E148DA2D20E02100745701 /* Ailuro */ = {
			isa = PBXFileSystemSynchronizedRootGroup;
			exceptions = (
				E4640B1E2D29B5BE00DDCAD3 /* Exceptions for "Ailuro" folder in "AiluroTests" target */,
				E4640B1F2D29B5BE00DDCAD3 /* Exceptions for "Ailuro" folder in "AiluroUITests" target */,
			);
			path = Ailuro;
			sourceTree = "<group>";
		};
		E4E148EB2D20E02400745701 /* AiluroTests */ = {
			isa = PBXFileSystemSynchronizedRootGroup;
			path = AiluroTests;
			sourceTree = "<group>";
		};
		E4E148F52D20E02400745701 /* AiluroUITests */ = {
			isa = PBXFileSystemSynchronizedRootGroup;
			path = AiluroUITests;
			sourceTree = "<group>";
		};
/* End PBXFileSystemSynchronizedRootGroup section */

/* Begin PBXFrameworksBuildPhase section */
		E4E148D52D20E02100745701 /* Frameworks */ = {
			isa = PBXFrameworksBuildPhase;
			buildActionMask = 2147483647;
			files = (
			);
			runOnlyForDeploymentPostprocessing = 0;
		};
		E4E148E52D20E02400745701 /* Frameworks */ = {
			isa = PBXFrameworksBuildPhase;
			buildActionMask = 2147483647;
			files = (
			);
			runOnlyForDeploymentPostprocessing = 0;
		};
		E4E148EF2D20E02400745701 /* Frameworks */ = {
			isa = PBXFrameworksBuildPhase;
			buildActionMask = 2147483647;
			files = (
			);
			runOnlyForDeploymentPostprocessing = 0;
		};
/* End PBXFrameworksBuildPhase section */

/* Begin PBXGroup section */
		E4E148CF2D20E02100745701 = {
			isa = PBXGroup;
			children = (
				E4E148DA2D20E02100745701 /* Ailuro */,
				E4E148EB2D20E02400745701 /* AiluroTests */,
				E4E148F52D20E02400745701 /* AiluroUITests */,
				E4E148D92D20E02100745701 /* Products */,
			);
			sourceTree = "<group>";
		};
		E4E148D92D20E02100745701 /* Products */ = {
			isa = PBXGroup;
			children = (
				E4E148D82D20E02100745701 /* Ailuro.app */,
				E4E148E82D20E02400745701 /* AiluroTests.xctest */,
				E4E148F22D20E02400745701 /* AiluroUITests.xctest */,
			);
			name = Products;
			sourceTree = "<group>";
		};
/* End PBXGroup section */

/* Begin PBXNativeTarget section */
		E4E148D72D20E02100745701 /* Ailuro */ = {
			isa = PBXNativeTarget;
			buildConfigurationList = E4E148FC2D20E02400745701 /* Build configuration list for PBXNativeTarget "Ailuro" */;
			buildPhases = (
				E4E148D42D20E02100745701 /* Sources */,
				E4E148D52D20E02100745701 /* Frameworks */,
				E4E148D62D20E02100745701 /* Resources */,
			);
			buildRules = (
			);
			dependencies = (
			);
			fileSystemSynchronizedGroups = (
				E4E148DA2D20E02100745701 /* Ailuro */,
			);
			name = Ailuro;
			packageProductDependencies = (
			);
			productName = Ailuro;
			productReference = E4E148D82D20E02100745701 /* Ailuro.app */;
			productType = "com.apple.product-type.application";
		};
		E4E148E72D20E02400745701 /* AiluroTests */ = {
			isa = PBXNativeTarget;
			buildConfigurationList = E4E148FF2D20E02400745701 /* Build configuration list for PBXNativeTarget "AiluroTests" */;
			buildPhases = (
				E4E148E42D20E02400745701 /* Sources */,
				E4E148E52D20E02400745701 /* Frameworks */,
				E4E148E62D20E02400745701 /* Resources */,
			);
			buildRules = (
			);
			dependencies = (
				E4E148EA2D20E02400745701 /* PBXTargetDependency */,
			);
			fileSystemSynchronizedGroups = (
				E4E148EB2D20E02400745701 /* AiluroTests */,
			);
			name = AiluroTests;
			packageProductDependencies = (
			);
			productName = AiluroTests;
			productReference = E4E148E82D20E02400745701 /* AiluroTests.xctest */;
			productType = "com.apple.product-type.bundle.unit-test";
		};
		E4E148F12D20E02400745701 /* AiluroUITests */ = {
			isa = PBXNativeTarget;
			buildConfigurationList = E4E149022D20E02400745701 /* Build configuration list for PBXNativeTarget "AiluroUITests" */;
			buildPhases = (
				E4E148EE2D20E02400745701 /* Sources */,
				E4E148EF2D20E02400745701 /* Frameworks */,
				E4E148F02D20E02400745701 /* Resources */,
			);
			buildRules = (
			);
			dependencies = (
				E4E148F42D20E02400745701 /* PBXTargetDependency */,
			);
			fileSystemSynchronizedGroups = (
				E4E148F52D20E02400745701 /* AiluroUITests */,
			);
			name = AiluroUITests;
			packageProductDependencies = (
			);
			productName = AiluroUITests;
			productReference = E4E148F22D20E02400745701 /* AiluroUITests.xctest */;
			productType = "com.apple.product-type.bundle.ui-testing";
		};
/* End PBXNativeTarget section */

/* Begin PBXProject section */
		E4E148D02D20E02100745701 /* Project object */ = {
			isa = PBXProject;
			attributes = {
				BuildIndependentTargetsInParallel = 1;
				LastSwiftUpdateCheck = 1620;
				LastUpgradeCheck = 1620;
				TargetAttributes = {
					E4E148D72D20E02100745701 = {
						CreatedOnToolsVersion = 16.2;
					};
					E4E148E72D20E02400745701 = {
						CreatedOnToolsVersion = 16.2;
						TestTargetID = E4E148D72D20E02100745701;
					};
					E4E148F12D20E02400745701 = {
						CreatedOnToolsVersion = 16.2;
						TestTargetID = E4E148D72D20E02100745701;
					};
				};
			};
			buildConfigurationList = E4E148D32D20E02100745701 /* Build configuration list for PBXProject "Ailuro" */;
			developmentRegion = en;
			hasScannedForEncodings = 0;
			knownRegions = (
				en,
				Base,
			);
			mainGroup = E4E148CF2D20E02100745701;
			minimizedProjectReferenceProxies = 1;
			preferredProjectObjectVersion = 77;
			productRefGroup = E4E148D92D20E02100745701 /* Products */;
			projectDirPath = "";
			projectRoot = "";
			targets = (
				E4E148D72D20E02100745701 /* Ailuro */,
				E4E148E72D20E02400745701 /* AiluroTests */,
				E4E148F12D20E02400745701 /* AiluroUITests */,
			);
		};
/* End PBXProject section */

/* Begin PBXResourcesBuildPhase section */
		E4E148D62D20E02100745701 /* Resources */ = {
			isa = PBXResourcesBuildPhase;
			buildActionMask = 2147483647;
			files = (
			);
			runOnlyForDeploymentPostprocessing = 0;
		};
		E4E148E62D20E02400745701 /* Resources */ = {
			isa = PBXResourcesBuildPhase;
			buildActionMask = 2147483647;
			files = (
			);
			runOnlyForDeploymentPostprocessing = 0;
		};
		E4E148F02D20E02400745701 /* Resources */ = {
			isa = PBXResourcesBuildPhase;
			buildActionMask = 2147483647;
			files = (
			);
			runOnlyForDeploymentPostprocessing = 0;
		};
/* End PBXResourcesBuildPhase section */

/* Begin PBXSourcesBuildPhase section */
		E4E148D42D20E02100745701 /* Sources */ = {
			isa = PBXSourcesBuildPhase;
			buildActionMask = 2147483647;
			files = (
			);
			runOnlyForDeploymentPostprocessing = 0;
		};
		E4E148E42D20E02400745701 /* Sources */ = {
			isa = PBXSourcesBuildPhase;
			buildActionMask = 2147483647;
			files = (
			);
			runOnlyForDeploymentPostprocessing = 0;
		};
		E4E148EE2D20E02400745701 /* Sources */ = {
			isa = PBXSourcesBuildPhase;
			buildActionMask = 2147483647;
			files = (
			);
			runOnlyForDeploymentPostprocessing = 0;
		};
/* End PBXSourcesBuildPhase section */

/* Begin PBXTargetDependency section */
		E4E148EA2D20E02400745701 /* PBXTargetDependency */ = {
			isa = PBXTargetDependency;
			target = E4E148D72D20E02100745701 /* Ailuro */;
			targetProxy = E4E148E92D20E02400745701 /* PBXContainerItemProxy */;
		};
		E4E148F42D20E02400745701 /* PBXTargetDependency */ = {
			isa = PBXTargetDependency;
			target = E4E148D72D20E02100745701 /* Ailuro */;
			targetProxy = E4E148F32D20E02400745701 /* PBXContainerItemProxy */;
		};
/* End PBXTargetDependency section */

/* Begin XCBuildConfiguration section */
		E4E148FA2D20E02400745701 /* Debug */ = {
			isa = XCBuildConfiguration;
			buildSettings = {
				ALWAYS_SEARCH_USER_PATHS = NO;
				ASSETCATALOG_COMPILER_GENERATE_SWIFT_ASSET_SYMBOL_EXTENSIONS = YES;
				CLANG_ANALYZER_NONNULL = YES;
				CLANG_ANALYZER_NUMBER_OBJECT_CONVERSION = YES_AGGRESSIVE;
				CLANG_CXX_LANGUAGE_STANDARD = "gnu++20";
				CLANG_ENABLE_MODULES = YES;
				CLANG_ENABLE_OBJC_ARC = YES;
				CLANG_ENABLE_OBJC_WEAK = YES;
				CLANG_WARN_BLOCK_CAPTURE_AUTORELEASING = YES;
				CLANG_WARN_BOOL_CONVERSION = YES;
				CLANG_WARN_COMMA = YES;
				CLANG_WARN_CONSTANT_CONVERSION = YES;
				CLANG_WARN_DEPRECATED_OBJC_IMPLEMENTATIONS = YES;
				CLANG_WARN_DIRECT_OBJC_ISA_USAGE = YES_ERROR;
				CLANG_WARN_DOCUMENTATION_COMMENTS = YES;
				CLANG_WARN_EMPTY_BODY = YES;
				CLANG_WARN_ENUM_CONVERSION = YES;
				CLANG_WARN_INFINITE_RECURSION = YES;
				CLANG_WARN_INT_CONVERSION = YES;
				CLANG_WARN_NON_LITERAL_NULL_CONVERSION = YES;
				CLANG_WARN_OBJC_IMPLICIT_RETAIN_SELF = YES;
				CLANG_WARN_OBJC_LITERAL_CONVERSION = YES;
				CLANG_WARN_OBJC_ROOT_CLASS = YES_ERROR;
				CLANG_WARN_QUOTED_INCLUDE_IN_FRAMEWORK_HEADER = YES;
				CLANG_WARN_RANGE_LOOP_ANALYSIS = YES;
				CLANG_WARN_STRICT_PROTOTYPES = YES;
				CLANG_WARN_SUSPICIOUS_MOVE = YES;
				CLANG_WARN_UNGUARDED_AVAILABILITY = YES_AGGRESSIVE;
				CLANG_WARN_UNREACHABLE_CODE = YES;
				CLANG_WARN__DUPLICATE_METHOD_MATCH = YES;
				COPY_PHASE_STRIP = NO;
				DEBUG_INFORMATION_FORMAT = dwarf;
				ENABLE_STRICT_OBJC_MSGSEND = YES;
				ENABLE_TESTABILITY = YES;
				ENABLE_USER_SCRIPT_SANDBOXING = YES;
				GCC_C_LANGUAGE_STANDARD = gnu17;
				GCC_DYNAMIC_NO_PIC = NO;
				GCC_NO_COMMON_BLOCKS = YES;
				GCC_OPTIMIZATION_LEVEL = 0;
				GCC_PREPROCESSOR_DEFINITIONS = (
					"DEBUG=1",
					"$(inherited)",
				);
				GCC_WARN_64_TO_32_BIT_CONVERSION = YES;
				GCC_WARN_ABOUT_RETURN_TYPE = YES_ERROR;
				GCC_WARN_UNDECLARED_SELECTOR = YES;
				GCC_WARN_UNINITIALIZED_AUTOS = YES_AGGRESSIVE;
				GCC_WARN_UNUSED_FUNCTION = YES;
				GCC_WARN_UNUSED_VARIABLE = YES;
				IPHONEOS_DEPLOYMENT_TARGET = 18.2;
				LOCALIZATION_PREFERS_STRING_CATALOGS = YES;
				MTL_ENABLE_DEBUG_INFO = INCLUDE_SOURCE;
				MTL_FAST_MATH = YES;
				ONLY_ACTIVE_ARCH = YES;
				SDKROOT = iphoneos;
				SWIFT_ACTIVE_COMPILATION_CONDITIONS = "DEBUG $(inherited)";
				SWIFT_OPTIMIZATION_LEVEL = "-Onone";
			};
			name = Debug;
		};
		E4E148FB2D20E02400745701 /* Release */ = {
			isa = XCBuildConfiguration;
			buildSettings = {
				ALWAYS_SEARCH_USER_PATHS = NO;
				ASSETCATALOG_COMPILER_GENERATE_SWIFT_ASSET_SYMBOL_EXTENSIONS = YES;
				CLANG_ANALYZER_NONNULL = YES;
				CLANG_ANALYZER_NUMBER_OBJECT_CONVERSION = YES_AGGRESSIVE;
				CLANG_CXX_LANGUAGE_STANDARD = "gnu++20";
				CLANG_ENABLE_MODULES = YES;
				CLANG_ENABLE_OBJC_ARC = YES;
				CLANG_ENABLE_OBJC_WEAK = YES;
				CLANG_WARN_BLOCK_CAPTURE_AUTORELEASING = YES;
				CLANG_WARN_BOOL_CONVERSION = YES;
				CLANG_WARN_COMMA = YES;
				CLANG_WARN_CONSTANT_CONVERSION = YES;
				CLANG_WARN_DEPRECATED_OBJC_IMPLEMENTATIONS = YES;
				CLANG_WARN_DIRECT_OBJC_ISA_USAGE = YES_ERROR;
				CLANG_WARN_DOCUMENTATION_COMMENTS = YES;
				CLANG_WARN_EMPTY_BODY = YES;
				CLANG_WARN_ENUM_CONVERSION = YES;
				CLANG_WARN_INFINITE_RECURSION = YES;
				CLANG_WARN_INT_CONVERSION = YES;
				CLANG_WARN_NON_LITERAL_NULL_CONVERSION = YES;
				CLANG_WARN_OBJC_IMPLICIT_RETAIN_SELF = YES;
				CLANG_WARN_OBJC_LITERAL_CONVERSION = YES;
				CLANG_WARN_OBJC_ROOT_CLASS = YES_ERROR;
				CLANG_WARN_QUOTED_INCLUDE_IN_FRAMEWORK_HEADER = YES;
				CLANG_WARN_RANGE_LOOP_ANALYSIS = YES;
				CLANG_WARN_STRICT_PROTOTYPES = YES;
				CLANG_WARN_SUSPICIOUS_MOVE = YES;
				CLANG_WARN_UNGUARDED_AVAILABILITY = YES_AGGRESSIVE;
				CLANG_WARN_UNREACHABLE_CODE = YES;
				CLANG_WARN__DUPLICATE_METHOD_MATCH = YES;
				COPY_PHASE_STRIP = NO;
				DEBUG_INFORMATION_FORMAT = "dwarf-with-dsym";
				ENABLE_NS_ASSERTIONS = NO;
				ENABLE_STRICT_OBJC_MSGSEND = YES;
				ENABLE_USER_SCRIPT_SANDBOXING = YES;
				GCC_C_LANGUAGE_STANDARD = gnu17;
				GCC_NO_COMMON_BLOCKS = YES;
				GCC_WARN_64_TO_32_BIT_CONVERSION = YES;
				GCC_WARN_ABOUT_RETURN_TYPE = YES_ERROR;
				GCC_WARN_UNDECLARED_SELECTOR = YES;
				GCC_WARN_UNINITIALIZED_AUTOS = YES_AGGRESSIVE;
				GCC_WARN_UNUSED_FUNCTION = YES;
				GCC_WARN_UNUSED_VARIABLE = YES;
				IPHONEOS_DEPLOYMENT_TARGET = 18.2;
				LOCALIZATION_PREFERS_STRING_CATALOGS = YES;
				MTL_ENABLE_DEBUG_INFO = NO;
				MTL_FAST_MATH = YES;
				SDKROOT = iphoneos;
				SWIFT_COMPILATION_MODE = wholemodule;
				VALIDATE_PRODUCT = YES;
			};
			name = Release;
		};
		E4E148FD2D20E02400745701 /* Debug */ = {
			isa = XCBuildConfiguration;
			buildSettings = {
				ASSETCATALOG_COMPILER_APPICON_NAME = AppIcon;
				ASSETCATALOG_COMPILER_GLOBAL_ACCENT_COLOR_NAME = AccentColor;
				CODE_SIGN_STYLE = Automatic;
				CURRENT_PROJECT_VERSION = 1;
				DEVELOPMENT_ASSET_PATHS = "\"Ailuro/Preview Content\"";
				DEVELOPMENT_TEAM = 2C33P4G522;
				ENABLE_PREVIEWS = YES;
				GENERATE_INFOPLIST_FILE = YES;
				INFOPLIST_KEY_UIApplicationSceneManifest_Generation = YES;
				INFOPLIST_KEY_UIApplicationSupportsIndirectInputEvents = YES;
				INFOPLIST_KEY_UILaunchScreen_Generation = YES;
				INFOPLIST_KEY_UISupportedInterfaceOrientations_iPad = "UIInterfaceOrientationPortrait UIInterfaceOrientationPortraitUpsideDown UIInterfaceOrientationLandscapeLeft UIInterfaceOrientationLandscapeRight";
				INFOPLIST_KEY_UISupportedInterfaceOrientations_iPhone = "UIInterfaceOrientationPortrait UIInterfaceOrientationLandscapeLeft UIInterfaceOrientationLandscapeRight";
				IPHONEOS_DEPLOYMENT_TARGET = 18.0;
				LD_RUNPATH_SEARCH_PATHS = (
					"$(inherited)",
					"@executable_path/Frameworks",
				);
				MARKETING_VERSION = 1.0;
				PRODUCT_BUNDLE_IDENTIFIER = SCHENG.Ailuro;
				PRODUCT_NAME = "$(TARGET_NAME)";
				SWIFT_EMIT_LOC_STRINGS = YES;
				SWIFT_VERSION = 5.0;
				TARGETED_DEVICE_FAMILY = "1,2";
			};
			name = Debug;
		};
		E4E148FE2D20E02400745701 /* Release */ = {
			isa = XCBuildConfiguration;
			buildSettings = {
				ASSETCATALOG_COMPILER_APPICON_NAME = AppIcon;
				ASSETCATALOG_COMPILER_GLOBAL_ACCENT_COLOR_NAME = AccentColor;
				CODE_SIGN_STYLE = Automatic;
				CURRENT_PROJECT_VERSION = 1;
				DEVELOPMENT_ASSET_PATHS = "\"Ailuro/Preview Content\"";
				DEVELOPMENT_TEAM = 2C33P4G522;
				ENABLE_PREVIEWS = YES;
				GENERATE_INFOPLIST_FILE = YES;
				INFOPLIST_KEY_UIApplicationSceneManifest_Generation = YES;
				INFOPLIST_KEY_UIApplicationSupportsIndirectInputEvents = YES;
				INFOPLIST_KEY_UILaunchScreen_Generation = YES;
				INFOPLIST_KEY_UISupportedInterfaceOrientations_iPad = "UIInterfaceOrientationPortrait UIInterfaceOrientationPortraitUpsideDown UIInterfaceOrientationLandscapeLeft UIInterfaceOrientationLandscapeRight";
				INFOPLIST_KEY_UISupportedInterfaceOrientations_iPhone = "UIInterfaceOrientationPortrait UIInterfaceOrientationLandscapeLeft UIInterfaceOrientationLandscapeRight";
				IPHONEOS_DEPLOYMENT_TARGET = 18.0;
				LD_RUNPATH_SEARCH_PATHS = (
					"$(inherited)",
					"@executable_path/Frameworks",
				);
				MARKETING_VERSION = 1.0;
				PRODUCT_BUNDLE_IDENTIFIER = SCHENG.Ailuro;
				PRODUCT_NAME = "$(TARGET_NAME)";
				SWIFT_EMIT_LOC_STRINGS = YES;
				SWIFT_VERSION = 5.0;
				TARGETED_DEVICE_FAMILY = "1,2";
			};
			name = Release;
		};
		E4E149002D20E02400745701 /* Debug */ = {
			isa = XCBuildConfiguration;
			buildSettings = {
				BUNDLE_LOADER = "$(TEST_HOST)";
				CODE_SIGN_STYLE = Automatic;
				CURRENT_PROJECT_VERSION = 1;
				GENERATE_INFOPLIST_FILE = YES;
				IPHONEOS_DEPLOYMENT_TARGET = 18.2;
				MARKETING_VERSION = 1.0;
				PRODUCT_BUNDLE_IDENTIFIER = SCHENG.AiluroTests;
				PRODUCT_NAME = "$(TARGET_NAME)";
				SWIFT_EMIT_LOC_STRINGS = NO;
				SWIFT_VERSION = 5.0;
				TARGETED_DEVICE_FAMILY = "1,2";
				TEST_HOST = "$(BUILT_PRODUCTS_DIR)/Ailuro.app/$(BUNDLE_EXECUTABLE_FOLDER_PATH)/Ailuro";
			};
			name = Debug;
		};
		E4E149012D20E02400745701 /* Release */ = {
			isa = XCBuildConfiguration;
			buildSettings = {
				BUNDLE_LOADER = "$(TEST_HOST)";
				CODE_SIGN_STYLE = Automatic;
				CURRENT_PROJECT_VERSION = 1;
				GENERATE_INFOPLIST_FILE = YES;
				IPHONEOS_DEPLOYMENT_TARGET = 18.2;
				MARKETING_VERSION = 1.0;
				PRODUCT_BUNDLE_IDENTIFIER = SCHENG.AiluroTests;
				PRODUCT_NAME = "$(TARGET_NAME)";
				SWIFT_EMIT_LOC_STRINGS = NO;
				SWIFT_VERSION = 5.0;
				TARGETED_DEVICE_FAMILY = "1,2";
				TEST_HOST = "$(BUILT_PRODUCTS_DIR)/Ailuro.app/$(BUNDLE_EXECUTABLE_FOLDER_PATH)/Ailuro";
			};
			name = Release;
		};
		E4E149032D20E02400745701 /* Debug */ = {
			isa = XCBuildConfiguration;
			buildSettings = {
				CODE_SIGN_STYLE = Automatic;
				CURRENT_PROJECT_VERSION = 1;
				GENERATE_INFOPLIST_FILE = YES;
				MARKETING_VERSION = 1.0;
				PRODUCT_BUNDLE_IDENTIFIER = SCHENG.AiluroUITests;
				PRODUCT_NAME = "$(TARGET_NAME)";
				SWIFT_EMIT_LOC_STRINGS = NO;
				SWIFT_VERSION = 5.0;
				TARGETED_DEVICE_FAMILY = "1,2";
				TEST_TARGET_NAME = Ailuro;
			};
			name = Debug;
		};
		E4E149042D20E02400745701 /* Release */ = {
			isa = XCBuildConfiguration;
			buildSettings = {
				CODE_SIGN_STYLE = Automatic;
				CURRENT_PROJECT_VERSION = 1;
				GENERATE_INFOPLIST_FILE = YES;
				MARKETING_VERSION = 1.0;
				PRODUCT_BUNDLE_IDENTIFIER = SCHENG.AiluroUITests;
				PRODUCT_NAME = "$(TARGET_NAME)";
				SWIFT_EMIT_LOC_STRINGS = NO;
				SWIFT_VERSION = 5.0;
				TARGETED_DEVICE_FAMILY = "1,2";
				TEST_TARGET_NAME = Ailuro;
			};
			name = Release;
		};
/* End XCBuildConfiguration section */

/* Begin XCConfigurationList section */
		E4E148D32D20E02100745701 /* Build configuration list for PBXProject "Ailuro" */ = {
			isa = XCConfigurationList;
			buildConfigurations = (
				E4E148FA2D20E02400745701 /* Debug */,
				E4E148FB2D20E02400745701 /* Release */,
			);
			defaultConfigurationIsVisible = 0;
			defaultConfigurationName = Release;
		};
		E4E148FC2D20E02400745701 /* Build configuration list for PBXNativeTarget "Ailuro" */ = {
			isa = XCConfigurationList;
			buildConfigurations = (
				E4E148FD2D20E02400745701 /* Debug */,
				E4E148FE2D20E02400745701 /* Release */,
			);
			defaultConfigurationIsVisible = 0;
			defaultConfigurationName = Release;
		};
		E4E148FF2D20E02400745701 /* Build configuration list for PBXNativeTarget "AiluroTests" */ = {
			isa = XCConfigurationList;
			buildConfigurations = (
				E4E149002D20E02400745701 /* Debug */,
				E4E149012D20E02400745701 /* Release */,
			);
			defaultConfigurationIsVisible = 0;
			defaultConfigurationName = Release;
		};
		E4E149022D20E02400745701 /* Build configuration list for PBXNativeTarget "AiluroUITests" */ = {
			isa = XCConfigurationList;
			buildConfigurations = (
				E4E149032D20E02400745701 /* Debug */,
				E4E149042D20E02400745701 /* Release */,
			);
			defaultConfigurationIsVisible = 0;
			defaultConfigurationName = Release;
		};
/* End XCConfigurationList section */
	};
	rootObject = E4E148D02D20E02100745701 /* Project object */;
}
